<Solution>
  <Configurations>
    <Platform Name="Any CPU" />
    <Platform Name="x64" />
    <Platform Name="x86" />
  </Configurations>
  <Project Path="YunHu.JsonDumpBot/YunHu.JsonDumpBot.csproj" />
  <Project Path="YunHu.Sample/YunHu.Sample.csproj" />
  <Project Path="YunHu/YunHu.csproj" />
</Solution>
